github.com/AlekSi/pointer v1.2.0 h1:glcy/gc4h8HnG2Z3ZECSzZ1IX1x2JxRVuDzaJwQE0+w=
github.com/AlekSi/pointer v1.2.0/go.mod h1:gZGfd3dpW4vEc/UlyfKKi1roIqcCgwOIvb0tSNSBle0=
github.com/GigaDesk/eardrum-interfaces v1.0.6 h1:bz77RF8g2n7Sw4fj/gaObTdDtAuv++Ho3brPvtf3BfA=
github.com/GigaDesk/eardrum-interfaces v1.0.6/go.mod h1:0S9WexmRQikEw+XbbRB1nfH92k/rbwyPFFCXzi9P0bE=
github.com/GigaDesk/eardrum-interfaces v1.0.7 h1:6j6kjqBbVb2qjjbdsfx1RARJuFl2EwK+u9P54ShHSK4=
github.com/GigaDesk/eardrum-interfaces v1.0.7/go.mod h1:0S9WexmRQikEw+XbbRB1nfH92k/rbwyPFFCXzi9P0bE=
github.com/GigaDesk/eardrum-interfaces v1.0.8 h1:5fpknwkhd3UtPEIBOi2N50GpwKR2K14fjD+IWuhIqQw=
github.com/GigaDesk/eardrum-interfaces v1.0.8/go.mod h1:0S9WexmRQikEw+XbbRB1nfH92k/rbwyPFFCXzi9P0bE=
github.com/GigaDesk/eardrum-interfaces v1.0.9 h1:kt13BHiTsa6bkZ9+TKrvXN/zWvo/kFO25O1kPlW3z6Y=
github.com/GigaDesk/eardrum-interfaces v1.0.9/go.mod h1:0S9WexmRQikEw+XbbRB1nfH92k/rbwyPFFCXzi9P0bE=
github.com/GigaDesk/eardrum-interfaces v1.1.1 h1:rDzYLMpmuzAvqx50qLK/quDpr8DUHPiEsz3M7BD/zAQ=
github.com/GigaDesk/eardrum-interfaces v1.1.1/go.mod h1:0S9WexmRQikEw+XbbRB1nfH92k/rbwyPFFCXzi9P0bE=
github.com/GigaDesk/eardrum-interfaces v1.1.2 h1:+JUB9gE935zjdG62Qr7jtn3yYHdnhOdFIptVpEKiplc=
github.com/GigaDesk/eardrum-interfaces v1.1.2/go.mod h1:0S9WexmRQikEw+XbbRB1nfH92k/rbwyPFFCXzi9P0bE=
github.com/GigaDesk/eardrum-interfaces v1.1.3 h1:yIdSCc5lf+FBG4drF/1dRWG6KhOfrwaBeHImTA1+bis=
github.com/GigaDesk/eardrum-interfaces v1.1.3/go.mod h1:JdB9+C5wRwNXu15R2wlenwhT1UzbRkQknSKgyptTL8Q=
github.com/GigaDesk/eardrum-interfaces v1.1.4 h1:nbgai6mzfeVm8Clj1fu+dOqWYzVuWVQBJ5S8Tu8ROso=
github.com/GigaDesk/eardrum-interfaces v1.1.4/go.mod h1:JdB9+C5wRwNXu15R2wlenwhT1UzbRkQknSKgyptTL8Q=
github.com/GigaDesk/eardrum-interfaces v1.1.5 h1:MfkYOqOtfjM0B7Tspfoc9uyVTDtkhGK605/xRcFOlvc=
github.com/GigaDesk/eardrum-interfaces v1.1.5/go.mod h1:JdB9+C5wRwNXu15R2wlenwhT1UzbRkQknSKgyptTL8Q=
github.com/GigaDesk/eardrum-interfaces v1.1.6 h1:d0YFWUyknlL7kzHce1uou6wGgEMxrUNxQK1gWT3Y9cI=
github.com/GigaDesk/eardrum-interfaces v1.1.6/go.mod h1:JdB9+C5wRwNXu15R2wlenwhT1UzbRkQknSKgyptTL8Q=
github.com/GigaDesk/eardrum-interfaces v1.1.7 h1:6ROJVkmNverHtdzmLi6li9FPMeVDsdRc4hPaNwwfobA=
github.com/GigaDesk/eardrum-interfaces v1.1.7/go.mod h1:JdB9+C5wRwNXu15R2wlenwhT1UzbRkQknSKgyptTL8Q=
github.com/GigaDesk/eardrum-interfaces v1.1.8 h1:QsYkdMeGAdc+0YUr4cxYHo5msKGV+36uQ36VjOc35uA=
github.com/GigaDesk/eardrum-interfaces v1.1.8/go.mod h1:JdB9+C5wRwNXu15R2wlenwhT1UzbRkQknSKgyptTL8Q=
github.com/GigaDesk/eardrum-interfaces v1.1.9 h1:aRzl42MAoOR+PH0CUp925ZbuwjUgKhyxDKPBRlYBwVs=
github.com/GigaDesk/eardrum-interfaces v1.1.9/go.mod h1:JdB9+C5wRwNXu15R2wlenwhT1UzbRkQknSKgyptTL8Q=
github.com/GigaDesk/eardrum-interfaces v1.2.0 h1:fAOX1LAnq5SzMTldpxz17c2IcUbHs6w14aFRYBPisOQ=
github.com/GigaDesk/eardrum-interfaces v1.2.0/go.mod h1:JdB9+C5wRwNXu15R2wlenwhT1UzbRkQknSKgyptTL8Q=
github.com/GigaDesk/eardrum-interfaces v1.2.1 h1:Pv5coI8cotGyOhJHxRart9WFCY0g4/DKHI1xffnwH80=
github.com/GigaDesk/eardrum-interfaces v1.2.1/go.mod h1:JdB9+C5wRwNXu15R2wlenwhT1UzbRkQknSKgyptTL8Q=
github.com/GigaDesk/eardrum-interfaces v1.2.3 h1:boitjcmVXAsu+P5h2uzjOQTpmdpH00qXu9Cjq96UDZU=
github.com/GigaDesk/eardrum-interfaces v1.2.3/go.mod h1:A0KRk2qrqKLDZfbpxea0h4Tz9XPYLrOL2TC0qGpGFKI=
github.com/GigaDesk/eardrum-interfaces v1.2.4 h1:/4G/cy83DBKsEgf3rrABMPrz4Y/1xoKFu2elN5Elu5I=
github.com/GigaDesk/eardrum-interfaces v1.2.4/go.mod h1:A0KRk2qrqKLDZfbpxea0h4Tz9XPYLrOL2TC0qGpGFKI=
github.com/GigaDesk/eardrum-interfaces v1.2.5 h1:i23wYXt8y7n711LOwZ4i7Z0gLZhOTVpAdrUpLJaAy1g=
github.com/GigaDesk/eardrum-interfaces v1.2.5/go.mod h1:A0KRk2qrqKLDZfbpxea0h4Tz9XPYLrOL2TC0qGpGFKI=
github.com/coreos/go-systemd/v22 v22.5.0/go.mod h1:Y58oyj3AT4RCenI/lSvhwexgC+NSVTIJ3seZv2GcEnc=
github.com/davecgh/go-spew v1.1.0/go.mod h1:J7Y8YcW2NihsgmVo/mv3lAwl/skON4iLHjSsI+c5H38=
github.com/davecgh/go-spew v1.1.1 h1:vj9j/u1bqnvCEfJOwUhtlOARqs3+rkHYY13jYWTU97c=
github.com/davecgh/go-spew v1.1.1/go.mod h1:J7Y8YcW2NihsgmVo/mv3lAwl/skON4iLHjSsI+c5H38=
github.com/godbus/dbus/v5 v5.0.4/go.mod h1:xhWf0FNVPg57R7Z0UbKHbJfkEywrmjJnf7w5xrFpKfA=
github.com/google/uuid v1.6.0 h1:NIvaJDMOsjHA8n1jAhLSgzrAzy1Hgr+hNrb57e+94F0=
github.com/google/uuid v1.6.0/go.mod h1:TIyPZe4MgqvfeYDBFedMoGGpEw/LqOeaOT+nhxU+yHo=
github.com/jackc/pgpassfile v1.0.0 h1:/6Hmqy13Ss2zCq62VdNG8tM1wchn8zjSGOBJ6icpsIM=
github.com/jackc/pgpassfile v1.0.0/go.mod h1:CEx0iS5ambNFdcRtxPj5JhEz+xB6uRky5eyVu/W2HEg=
github.com/jackc/pgservicefile v0.0.0-20240606120523-5a60cdf6a761 h1:iCEnooe7UlwOQYpKFhBabPMi4aNAfoODPEFNiAnClxo=
github.com/jackc/pgservicefile v0.0.0-20240606120523-5a60cdf6a761/go.mod h1:5TJZWKEWniPve33vlWYSoGYefn3gLQRzjfDlhSJ9ZKM=
github.com/jackc/pgx/v5 v5.6.0 h1:SWJzexBzPL5jb0GEsrPMLIsi/3jOo7RHlzTjcAeDrPY=
github.com/jackc/pgx/v5 v5.6.0/go.mod h1:DNZ/vlrUnhWCoFGxHAG8U2ljioxukquj7utPDgtQdTw=
github.com/jackc/puddle/v2 v2.2.2 h1:PR8nw+E/1w0GLuRFSmiioY6UooMp6KJv0/61nB7icHo=
github.com/jackc/puddle/v2 v2.2.2/go.mod h1:vriiEXHvEE654aYKXXjOvZM39qJ0q+azkZFrfEOc3H4=
github.com/jinzhu/inflection v1.0.0 h1:K317FqzuhWc8YvSVlFMCCUb36O/S9MCKRDI7QkRKD/E=
github.com/jinzhu/inflection v1.0.0/go.mod h1:h+uFLlag+Qp1Va5pdKtLDYj+kHp5pxUVkryuEj+Srlc=
github.com/jinzhu/now v1.1.5 h1:/o9tlHleP7gOFmsnYNz3RGnqzefHA47wQpKrrdTIwXQ=
github.com/jinzhu/now v1.1.5/go.mod h1:d3SSVoowX0Lcu0IBviAWJpolVfI5UJVZZ7cO71lE/z8=
github.com/lib/pq v1.12.3 h1:tTWxr2YLKwIvK90ZXEw8GP7UFHtcbTtty8zsI+YjrfQ=
github.com/lib/pq v1.12.3/go.mod h1:/p+8NSbOcwzAEI7wiMXFlgydTwcgTr3OSKMsD2BitpA=
github.com/mattn/go-colorable v0.1.13 h1:fFA4WZxdEF4tXPZVKMLwD8oUnCTTo08duU7wxecdEvA=
github.com/mattn/go-colorable v0.1.13/go.mod h1:7S9/ev0klgBDR4GtXTXX8a3vIGJpMovkB8vQcUbaXHg=
github.com/mattn/go-colorable v0.1.14 h1:9A9LHSqF/7dyVVX6g0U9cwm9pG3kP9gSzcuIPHPsaIE=
github.com/mattn/go-colorable v0.1.14/go.mod h1:6LmQG8QLFO4G5z1gPvYEzlUgJ2wF+stgPZH1UqBm1s8=
github.com/mattn/go-isatty v0.0.16/go.mod h1:kYGgaQfpe5nmfYZH+SKPsOc2e4SrIfOl2e/yFXSvRLM=
github.com/mattn/go-isatty v0.0.19 h1:JITubQf0MOLdlGRuRq+jtsDlekdYPia9ZFsB8h/APPA=
github.com/mattn/go-isatty v0.0.19/go.mod h1:W+V8PltTTMOvKvAeJH7IuucS94S2C6jfK/D7dTCTo3Y=
github.com/mattn/go-isatty v0.0.20 h1:xfD0iDuEKnDkl03q4limB+vH+GxLEtL/jb4xVJSWWEY=
github.com/mattn/go-isatty v0.0.20/go.mod h1:W+V8PltTTMOvKvAeJH7IuucS94S2C6jfK/D7dTCTo3Y=
github.com/pkg/errors v0.9.1/go.mod h1:bwawxfHBFNV+L2hUp1rHADufV3IMtnDRdf1r5NINEl0=
github.com/pmezard/go-difflib v1.0.0 h1:4DBwDE0NGyQoBHbLQYPwSUPoCMWR5BEzIk/f1lZbAQM=
github.com/pmezard/go-difflib v1.0.0/go.mod h1:iKH77koFhYxTK1pcRnkKkqfTogsbg7gZNVY4sRDYZ/4=
github.com/rs/xid v1.6.0/go.mod h1:7XoLgs4eV+QndskICGsho+ADou8ySMSjJKDIan90Nz0=
github.com/rs/zerolog v1.34.0 h1:k43nTLIwcTVQAncfCw4KZ2VY6ukYoZaBPNOE8txlOeY=
github.com/rs/zerolog v1.34.0/go.mod h1:bJsvje4Z08ROH4Nhs5iH600c3IkWhwp44iRc54W6wYQ=
github.com/rs/zerolog v1.35.1 h1:m7xQeoiLIiV0BCEY4Hs+j2NG4Gp2o2KPKmhnnLiazKI=
github.com/rs/zerolog v1.35.1/go.mod h1:EjML9kdfa/RMA7h/6z6pYmq1ykOuA8/mjWaEvGI+jcw=
github.com/skip2/go-qrcode v0.0.0-20200617195104-da1b6568686e h1:MRM5ITcdelLK2j1vwZ3Je0FKVCfqOLp5zO6trqMLYs0=
github.com/skip2/go-qrcode v0.0.0-20200617195104-da1b6568686e/go.mod h1:XV66xRDqSt+GTGFMVlhk3ULuV0y9ZmzeVGR4mloJI3M=
github.com/stretchr/objx v0.1.0/go.mod h1:HFkY916IF+rwdDfMAkV7OtwuqBVzrE8GR6GFx+wExME=
github.com/stretchr/testify v1.3.0/go.mod h1:M5WIy9Dh21IEIfnGCwXGc5bZfKNJtfHm1UVUgZn+9EI=
github.com/stretchr/testify v1.7.0/go.mod h1:6Fq8oRcR53rry900zMqJjRRixrwX3KX962/h/Wwjteg=
github.com/stretchr/testify v1.8.1 h1:w7B6lhMri9wdJUVmEZPGGhZzrYTPvgJArz7wNPgYKsk=
github.com/stretchr/testify v1.8.1/go.mod h1:w2LPCIKwWwSfY2zedu0+kehJoqGctiVI29o6fzry7u4=
golang.org/x/crypto v0.31.0 h1:ihbySMvVjLAeSH1IbfcRTkD/iNscyz8rGzjF/E5hV6U=
golang.org/x/crypto v0.31.0/go.mod h1:kDsLvtWBEx7MV9tJOj9bnXsPbxwJQ6csT/x4KIN4Ssk=
golang.org/x/sync v0.10.0 h1:3NQrjDixjgGwUOCaF8w2+VYHv0Ve/vGYSbdkTa98gmQ=
golang.org/x/sync v0.10.0/go.mod h1:Czt+wKu1gCyEFDUtn0jG5QVvpJ6rzVqr5aXyt9drQfk=
golang.org/x/sys v0.0.0-20220811171246-fbc7d0a398ab/go.mod h1:oPkhp1MJrh7nUepCBck5+mAzfO9JrbApNNgaTdGDITg=
golang.org/x/sys v0.6.0/go.mod h1:oPkhp1MJrh7nUepCBck5+mAzfO9JrbApNNgaTdGDITg=
golang.org/x/sys v0.12.0/go.mod h1:oPkhp1MJrh7nUepCBck5+mAzfO9JrbApNNgaTdGDITg=
golang.org/x/sys v0.28.0 h1:Fksou7UEQUWlKvIdsqzJmUmCX3cZuD2+P3XyyzwMhlA=
golang.org/x/sys v0.28.0/go.mod h1:/VUhepiaJMQUp4+oa/7Zr1D23ma6VTLIYjOOTFZPUcA=
golang.org/x/sys v0.29.0 h1:TPYlXGxvx1MGTn2GiZDhnjPA9wZzZeGKHHmKhHYvgaU=
golang.org/x/sys v0.29.0/go.mod h1:/VUhepiaJMQUp4+oa/7Zr1D23ma6VTLIYjOOTFZPUcA=
golang.org/x/text v0.21.0 h1:zyQAAkrwaneQ066sspRyJaG9VNi/YJ1NfzcGB3hZ/qo=
golang.org/x/text v0.21.0/go.mod h1:4IBbMaMmOPCJ8SecivzSH54+73PCFmPWxNTLm+vZkEQ=
gopkg.in/check.v1 v0.0.0-20161208181325-20d25e280405/go.mod h1:Co6ibVJAznAaIkqp8huTwlJQCZ016jof/cbN4VW5Yz0=
gopkg.in/yaml.v3 v3.0.0-20200313102051-9f266ea9e77c/go.mod h1:K4uyk7z7BCEPqu6E+C64Yfv1cQ7kz7rIZviUmN+EgEM=
gopkg.in/yaml.v3 v3.0.1 h1:fxVm/GzAzEWqLHuvctI91KS9hhNmmWOoWu0XTYJS7CA=
gopkg.in/yaml.v3 v3.0.1/go.mod h1:K4uyk7z7BCEPqu6E+C64Yfv1cQ7kz7rIZviUmN+EgEM=
gorm.io/driver/postgres v1.6.0 h1:2dxzU8xJ+ivvqTRph34QX+WrRaJlmfyPqXmoGVjMBa4=
gorm.io/driver/postgres v1.6.0/go.mod h1:vUw0mrGgrTK+uPHEhAdV4sfFELrByKVGnaVRkXDhtWo=
gorm.io/gorm v1.30.0 h1:qbT5aPv1UH8gI99OsRlvDToLxW5zR7FzS9acZDOZcgs=
gorm.io/gorm v1.30.0/go.mod h1:8Z33v652h4//uMA76KjeDH8mJXPm1QNCYrMeatR0DOE=
